
Microsoft Visual Studio Solution File, Format Version 12.00
Project("{FAE04EC0-301F-11D3-BF4B-00C04F79EFBC}") = "DroneManager.UI", "DroneManager.UI\DroneManager.UI.csproj", "{03A85784-C111-4289-902F-1755C0493CE7}"
EndProject
Project("{FAE04EC0-301F-11D3-BF4B-00C04F79EFBC}") = "DroneManager.DocsHelper", "DroneManager.DocsHelper\DroneManager.DocsHelper.csproj", "{2BB9F2D0-4CE2-4449-AF6A-828806A34931}"
EndProject
Project("{FAE04EC0-301F-11D3-BF4B-00C04F79EFBC}") = "DroneManager.Interface", "DroneManager.Interface\DroneManager.Interface.csproj", "{BEC6FA7A-CF34-42A7-A3F5-675C654FB9A9}"
EndProject
Project("{2150E333-8FDC-42A3-9474-1A3956D46DE8}") = "TestsAndIdeas", "TestsAndIdeas", "{B5200080-A073-4DA9-BF9C-04BBCC5130A6}"
EndProject
Project("{FAE04EC0-301F-11D3-BF4B-00C04F79EFBC}") = "TestAssetImpl", "TestAssetImpl\TestAssetImpl.csproj", "{6EF04F5B-4ADF-4483-8646-6CCCB959BD8D}"
EndProject
Project("{FAE04EC0-301F-11D3-BF4B-00C04F79EFBC}") = "AssetImplTests", "AssetImplTests\AssetImplTests.csproj", "{19BC4AFE-CC27-4B98-848E-1A9D89BD1892}"
EndProject
Global
	GlobalSection(SolutionConfigurationPlatforms) = preSolution
		Debug|Any CPU = Debug|Any CPU
		Release|Any CPU = Release|Any CPU
	EndGlobalSection
	GlobalSection(ProjectConfigurationPlatforms) = postSolution
		{03A85784-C111-4289-902F-1755C0493CE7}.Debug|Any CPU.ActiveCfg = Debug|Any CPU
		{03A85784-C111-4289-902F-1755C0493CE7}.Debug|Any CPU.Build.0 = Debug|Any CPU
		{03A85784-C111-4289-902F-1755C0493CE7}.Release|Any CPU.ActiveCfg = Release|Any CPU
		{03A85784-C111-4289-902F-1755C0493CE7}.Release|Any CPU.Build.0 = Release|Any CPU
		{2BB9F2D0-4CE2-4449-AF6A-828806A34931}.Debug|Any CPU.ActiveCfg = Debug|Any CPU
		{2BB9F2D0-4CE2-4449-AF6A-828806A34931}.Debug|Any CPU.Build.0 = Debug|Any CPU
		{2BB9F2D0-4CE2-4449-AF6A-828806A34931}.Release|Any CPU.ActiveCfg = Release|Any CPU
		{2BB9F2D0-4CE2-4449-AF6A-828806A34931}.Release|Any CPU.Build.0 = Release|Any CPU
		{BEC6FA7A-CF34-42A7-A3F5-675C654FB9A9}.Debug|Any CPU.ActiveCfg = Debug|Any CPU
		{BEC6FA7A-CF34-42A7-A3F5-675C654FB9A9}.Debug|Any CPU.Build.0 = Debug|Any CPU
		{BEC6FA7A-CF34-42A7-A3F5-675C654FB9A9}.Release|Any CPU.ActiveCfg = Release|Any CPU
		{BEC6FA7A-CF34-42A7-A3F5-675C654FB9A9}.Release|Any CPU.Build.0 = Release|Any CPU
		{6EF04F5B-4ADF-4483-8646-6CCCB959BD8D}.Debug|Any CPU.ActiveCfg = Debug|Any CPU
		{6EF04F5B-4ADF-4483-8646-6CCCB959BD8D}.Debug|Any CPU.Build.0 = Debug|Any CPU
		{6EF04F5B-4ADF-4483-8646-6CCCB959BD8D}.Release|Any CPU.ActiveCfg = Release|Any CPU
		{6EF04F5B-4ADF-4483-8646-6CCCB959BD8D}.Release|Any CPU.Build.0 = Release|Any CPU
		{19BC4AFE-CC27-4B98-848E-1A9D89BD1892}.Debug|Any CPU.ActiveCfg = Debug|Any CPU
		{19BC4AFE-CC27-4B98-848E-1A9D89BD1892}.Debug|Any CPU.Build.0 = Debug|Any CPU
		{19BC4AFE-CC27-4B98-848E-1A9D89BD1892}.Release|Any CPU.ActiveCfg = Release|Any CPU
		{19BC4AFE-CC27-4B98-848E-1A9D89BD1892}.Release|Any CPU.Build.0 = Release|Any CPU
	EndGlobalSection
	GlobalSection(NestedProjects) = preSolution
		{6EF04F5B-4ADF-4483-8646-6CCCB959BD8D} = {B5200080-A073-4DA9-BF9C-04BBCC5130A6}
		{19BC4AFE-CC27-4B98-848E-1A9D89BD1892} = {B5200080-A073-4DA9-BF9C-04BBCC5130A6}
	EndGlobalSection
EndGlobal
