
Microsoft Visual Studio Solution File, Format Version 12.00
Project("{FAE04EC0-301F-11D3-BF4B-00C04F79EFBC}") = "DroneManager.UI", "DroneManager.UI\DroneManager.UI.csproj", "{03A85784-C111-4289-902F-1755C0493CE7}"
EndProject
Project("{FAE04EC0-301F-11D3-BF4B-00C04F79EFBC}") = "DroneManager.DocsHelper", "DroneManager.DocsHelper\DroneManager.DocsHelper.csproj", "{2BB9F2D0-4CE2-4449-AF6A-828806A34931}"
EndProject
Project("{FAE04EC0-301F-11D3-BF4B-00C04F79EFBC}") = "DroneManager.Interface", "DroneManager.Interface\DroneManager.Interface.csproj", "{BEC6FA7A-CF34-42A7-A3F5-675C654FB9A9}"
EndProject
Project("{2150E333-8FDC-42A3-9474-1A3956D46DE8}") = "TestsAndIdeas", "TestsAndIdeas", "{B5200080-A073-4DA9-BF9C-04BBCC5130A6}"
EndProject
Project("{FAE04EC0-301F-11D3-BF4B-00C04F79EFBC}") = "TestAssetImpl", "TestAssetImpl\TestAssetImpl.csproj", "{6EF04F5B-4ADF-4483-8646-6CCCB959BD8D}"
EndProject
Project("{FAE04EC0-301F-11D3-BF4B-00C04F79EFBC}") = "AssetImplTests", "AssetImplTests\AssetImplTests.csproj", "{19BC4AFE-CC27-4B98-848E-1A9D89BD1892}"
EndProject
Project("{FAE04EC0-301F-11D3-BF4B-00C04F79EFBC}") = "CommunicationCodeTests", "CommunicationCodeTests\CommunicationCodeTests.csproj", "{A00EB3B5-C8D7-438D-9848-25569C520706}"
EndProject
Project("{FAE04EC0-301F-11D3-BF4B-00C04F79EFBC}") = "DroneTypeEqualityTest", "DroneTypeEqualityTest\DroneTypeEqualityTest.csproj", "{09C57532-25C0-4B93-9E83-C32785785B31}"
EndProject
Project("{FAE04EC0-301F-11D3-BF4B-00C04F79EFBC}") = "QuickCommunicationSorting", "QuickCommunicationSorting\QuickCommunicationSorting.csproj", "{9147E916-7F91-4467-AF43-B37A9FEB4E3A}"
EndProject
Project("{2150E333-8FDC-42A3-9474-1A3956D46DE8}") = "Tools", "Tools", "{E9D92E2F-125B-46B0-A571-5132ED77897D}"
EndProject
Project("{FAE04EC0-301F-11D3-BF4B-00C04F79EFBC}") = "AssetManager", "AssetManager\AssetManager.csproj", "{CCE511BD-04A8-4EEB-BF01-7CC2C2B28BEB}"
EndProject
Project("{FAE04EC0-301F-11D3-BF4B-00C04F79EFBC}") = "ObjectSerlisationTest", "ObjectSerlisationTest\ObjectSerlisationTest.csproj", "{ACA9773D-FEA7-4456-AFCD-4775D0CDBFC2}"
EndProject
Global
	GlobalSection(SolutionConfigurationPlatforms) = preSolution
		Debug|Any CPU = Debug|Any CPU
		Release|Any CPU = Release|Any CPU
	EndGlobalSection
	GlobalSection(ProjectConfigurationPlatforms) = postSolution
		{03A85784-C111-4289-902F-1755C0493CE7}.Debug|Any CPU.ActiveCfg = Debug|Any CPU
		{03A85784-C111-4289-902F-1755C0493CE7}.Debug|Any CPU.Build.0 = Debug|Any CPU
		{03A85784-C111-4289-902F-1755C0493CE7}.Release|Any CPU.ActiveCfg = Release|Any CPU
		{03A85784-C111-4289-902F-1755C0493CE7}.Release|Any CPU.Build.0 = Release|Any CPU
		{2BB9F2D0-4CE2-4449-AF6A-828806A34931}.Debug|Any CPU.ActiveCfg = Debug|Any CPU
		{2BB9F2D0-4CE2-4449-AF6A-828806A34931}.Debug|Any CPU.Build.0 = Debug|Any CPU
		{2BB9F2D0-4CE2-4449-AF6A-828806A34931}.Release|Any CPU.ActiveCfg = Release|Any CPU
		{2BB9F2D0-4CE2-4449-AF6A-828806A34931}.Release|Any CPU.Build.0 = Release|Any CPU
		{BEC6FA7A-CF34-42A7-A3F5-675C654FB9A9}.Debug|Any CPU.ActiveCfg = Debug|Any CPU
		{BEC6FA7A-CF34-42A7-A3F5-675C654FB9A9}.Debug|Any CPU.Build.0 = Debug|Any CPU
		{BEC6FA7A-CF34-42A7-A3F5-675C654FB9A9}.Release|Any CPU.ActiveCfg = Release|Any CPU
		{BEC6FA7A-CF34-42A7-A3F5-675C654FB9A9}.Release|Any CPU.Build.0 = Release|Any CPU
		{6EF04F5B-4ADF-4483-8646-6CCCB959BD8D}.Debug|Any CPU.ActiveCfg = Debug|Any CPU
		{6EF04F5B-4ADF-4483-8646-6CCCB959BD8D}.Debug|Any CPU.Build.0 = Debug|Any CPU
		{6EF04F5B-4ADF-4483-8646-6CCCB959BD8D}.Release|Any CPU.ActiveCfg = Release|Any CPU
		{6EF04F5B-4ADF-4483-8646-6CCCB959BD8D}.Release|Any CPU.Build.0 = Release|Any CPU
		{19BC4AFE-CC27-4B98-848E-1A9D89BD1892}.Debug|Any CPU.ActiveCfg = Debug|Any CPU
		{19BC4AFE-CC27-4B98-848E-1A9D89BD1892}.Debug|Any CPU.Build.0 = Debug|Any CPU
		{19BC4AFE-CC27-4B98-848E-1A9D89BD1892}.Release|Any CPU.ActiveCfg = Release|Any CPU
		{19BC4AFE-CC27-4B98-848E-1A9D89BD1892}.Release|Any CPU.Build.0 = Release|Any CPU
		{A00EB3B5-C8D7-438D-9848-25569C520706}.Debug|Any CPU.ActiveCfg = Debug|Any CPU
		{A00EB3B5-C8D7-438D-9848-25569C520706}.Debug|Any CPU.Build.0 = Debug|Any CPU
		{A00EB3B5-C8D7-438D-9848-25569C520706}.Release|Any CPU.ActiveCfg = Release|Any CPU
		{A00EB3B5-C8D7-438D-9848-25569C520706}.Release|Any CPU.Build.0 = Release|Any CPU
		{09C57532-25C0-4B93-9E83-C32785785B31}.Debug|Any CPU.ActiveCfg = Debug|Any CPU
		{09C57532-25C0-4B93-9E83-C32785785B31}.Debug|Any CPU.Build.0 = Debug|Any CPU
		{09C57532-25C0-4B93-9E83-C32785785B31}.Release|Any CPU.ActiveCfg = Release|Any CPU
		{09C57532-25C0-4B93-9E83-C32785785B31}.Release|Any CPU.Build.0 = Release|Any CPU
		{9147E916-7F91-4467-AF43-B37A9FEB4E3A}.Debug|Any CPU.ActiveCfg = Debug|Any CPU
		{9147E916-7F91-4467-AF43-B37A9FEB4E3A}.Debug|Any CPU.Build.0 = Debug|Any CPU
		{9147E916-7F91-4467-AF43-B37A9FEB4E3A}.Release|Any CPU.ActiveCfg = Release|Any CPU
		{9147E916-7F91-4467-AF43-B37A9FEB4E3A}.Release|Any CPU.Build.0 = Release|Any CPU
		{CCE511BD-04A8-4EEB-BF01-7CC2C2B28BEB}.Debug|Any CPU.ActiveCfg = Debug|Any CPU
		{CCE511BD-04A8-4EEB-BF01-7CC2C2B28BEB}.Debug|Any CPU.Build.0 = Debug|Any CPU
		{CCE511BD-04A8-4EEB-BF01-7CC2C2B28BEB}.Release|Any CPU.ActiveCfg = Release|Any CPU
		{CCE511BD-04A8-4EEB-BF01-7CC2C2B28BEB}.Release|Any CPU.Build.0 = Release|Any CPU
		{ACA9773D-FEA7-4456-AFCD-4775D0CDBFC2}.Debug|Any CPU.ActiveCfg = Debug|Any CPU
		{ACA9773D-FEA7-4456-AFCD-4775D0CDBFC2}.Debug|Any CPU.Build.0 = Debug|Any CPU
		{ACA9773D-FEA7-4456-AFCD-4775D0CDBFC2}.Release|Any CPU.ActiveCfg = Release|Any CPU
		{ACA9773D-FEA7-4456-AFCD-4775D0CDBFC2}.Release|Any CPU.Build.0 = Release|Any CPU
	EndGlobalSection
	GlobalSection(NestedProjects) = preSolution
		{6EF04F5B-4ADF-4483-8646-6CCCB959BD8D} = {B5200080-A073-4DA9-BF9C-04BBCC5130A6}
		{19BC4AFE-CC27-4B98-848E-1A9D89BD1892} = {B5200080-A073-4DA9-BF9C-04BBCC5130A6}
		{A00EB3B5-C8D7-438D-9848-25569C520706} = {B5200080-A073-4DA9-BF9C-04BBCC5130A6}
		{09C57532-25C0-4B93-9E83-C32785785B31} = {B5200080-A073-4DA9-BF9C-04BBCC5130A6}
		{9147E916-7F91-4467-AF43-B37A9FEB4E3A} = {E9D92E2F-125B-46B0-A571-5132ED77897D}
		{ACA9773D-FEA7-4456-AFCD-4775D0CDBFC2} = {B5200080-A073-4DA9-BF9C-04BBCC5130A6}
	EndGlobalSection
EndGlobal
